
Microsoft Visual Studio Solution File, Format Version 12.00
# Visual Studio Version 16
VisualStudioVersion = 16.0.32929.386
MinimumVisualStudioVersion = 10.0.40219.1
Project("{FAE04EC0-301F-11D3-BF4B-00C04F79EFBC}") = "Ex03.GarageLogic", "Ex03.GarageLogic\Ex03.GarageLogic.csproj", "{AD0F836D-DA57-483C-BF46-CD119DE82F94}"
EndProject
Project("{FAE04EC0-301F-11D3-BF4B-00C04F79EFBC}") = "Ex03.ConsoleUI", "Ex03.ConsoleUI\Ex03.ConsoleUI.csproj", "{2C47F55A-E99C-4A00-BE20-8230E2D26229}"
EndProject
Global
	GlobalSection(SolutionConfigurationPlatforms) = preSolution
		Debug|Any CPU = Debug|Any CPU
		Release|Any CPU = Release|Any CPU
	EndGlobalSection
	GlobalSection(ProjectConfigurationPlatforms) = postSolution
		{AD0F836D-DA57-483C-BF46-CD119DE82F94}.Debug|Any CPU.ActiveCfg = Debug|Any CPU
		{AD0F836D-DA57-483C-BF46-CD119DE82F94}.Debug|Any CPU.Build.0 = Debug|Any CPU
		{AD0F836D-DA57-483C-BF46-CD119DE82F94}.Release|Any CPU.ActiveCfg = Release|Any CPU
		{AD0F836D-DA57-483C-BF46-CD119DE82F94}.Release|Any CPU.Build.0 = Release|Any CPU
		{2C47F55A-E99C-4A00-BE20-8230E2D26229}.Debug|Any CPU.ActiveCfg = Debug|Any CPU
		{2C47F55A-E99C-4A00-BE20-8230E2D26229}.Debug|Any CPU.Build.0 = Debug|Any CPU
		{2C47F55A-E99C-4A00-BE20-8230E2D26229}.Release|Any CPU.ActiveCfg = Release|Any CPU
		{2C47F55A-E99C-4A00-BE20-8230E2D26229}.Release|Any CPU.Build.0 = Release|Any CPU
	EndGlobalSection
	GlobalSection(SolutionProperties) = preSolution
		HideSolutionNode = FALSE
	EndGlobalSection
	GlobalSection(ExtensibilityGlobals) = postSolution
		SolutionGuid = {8A3E109A-72B1-4779-B02C-6DA70E48E3AF}
	EndGlobalSection
EndGlobal
