
Microsoft Visual Studio Solution File, Format Version 12.00
# Visual Studio Version 16
VisualStudioVersion = 16.0.32929.386
MinimumVisualStudioVersion = 10.0.40219.1
Project("{FAE04EC0-301F-11D3-BF4B-00C04F79EFBC}") = "Ex01_01", "Ex01_01\Ex01_01.csproj", "{EB8646AD-2FE4-4DA0-BAE4-08F6FA898321}"
EndProject
Project("{FAE04EC0-301F-11D3-BF4B-00C04F79EFBC}") = "Ex01_04", "Ex01_04\Ex01_04.csproj", "{E7F150CD-1CD3-4D27-BBB9-B0FC3DA5D146}"
EndProject
Project("{FAE04EC0-301F-11D3-BF4B-00C04F79EFBC}") = "Ex01_02", "Ex01_02\Ex01_02.csproj", "{377CFDF1-2603-4C83-9BB0-709606D4A494}"
EndProject
Project("{FAE04EC0-301F-11D3-BF4B-00C04F79EFBC}") = "Ex01_03", "Ex01_03\Ex01_03.csproj", "{CAA28551-38CD-40B3-A53B-B2620014C318}"
EndProject
Project("{FAE04EC0-301F-11D3-BF4B-00C04F79EFBC}") = "Ex01_05", "Ex01_05\Ex01_05.csproj", "{5E189F3D-2294-498C-B82B-541A5DBE4D79}"
EndProject
Global
	GlobalSection(SolutionConfigurationPlatforms) = preSolution
		Debug|Any CPU = Debug|Any CPU
		Release|Any CPU = Release|Any CPU
	EndGlobalSection
	GlobalSection(ProjectConfigurationPlatforms) = postSolution
		{EB8646AD-2FE4-4DA0-BAE4-08F6FA898321}.Debug|Any CPU.ActiveCfg = Debug|Any CPU
		{EB8646AD-2FE4-4DA0-BAE4-08F6FA898321}.Debug|Any CPU.Build.0 = Debug|Any CPU
		{EB8646AD-2FE4-4DA0-BAE4-08F6FA898321}.Release|Any CPU.ActiveCfg = Release|Any CPU
		{EB8646AD-2FE4-4DA0-BAE4-08F6FA898321}.Release|Any CPU.Build.0 = Release|Any CPU
		{E7F150CD-1CD3-4D27-BBB9-B0FC3DA5D146}.Debug|Any CPU.ActiveCfg = Debug|Any CPU
		{E7F150CD-1CD3-4D27-BBB9-B0FC3DA5D146}.Debug|Any CPU.Build.0 = Debug|Any CPU
		{E7F150CD-1CD3-4D27-BBB9-B0FC3DA5D146}.Release|Any CPU.ActiveCfg = Release|Any CPU
		{E7F150CD-1CD3-4D27-BBB9-B0FC3DA5D146}.Release|Any CPU.Build.0 = Release|Any CPU
		{377CFDF1-2603-4C83-9BB0-709606D4A494}.Debug|Any CPU.ActiveCfg = Debug|Any CPU
		{377CFDF1-2603-4C83-9BB0-709606D4A494}.Debug|Any CPU.Build.0 = Debug|Any CPU
		{377CFDF1-2603-4C83-9BB0-709606D4A494}.Release|Any CPU.ActiveCfg = Release|Any CPU
		{377CFDF1-2603-4C83-9BB0-709606D4A494}.Release|Any CPU.Build.0 = Release|Any CPU
		{CAA28551-38CD-40B3-A53B-B2620014C318}.Debug|Any CPU.ActiveCfg = Debug|Any CPU
		{CAA28551-38CD-40B3-A53B-B2620014C318}.Debug|Any CPU.Build.0 = Debug|Any CPU
		{CAA28551-38CD-40B3-A53B-B2620014C318}.Release|Any CPU.ActiveCfg = Release|Any CPU
		{CAA28551-38CD-40B3-A53B-B2620014C318}.Release|Any CPU.Build.0 = Release|Any CPU
		{5E189F3D-2294-498C-B82B-541A5DBE4D79}.Debug|Any CPU.ActiveCfg = Debug|Any CPU
		{5E189F3D-2294-498C-B82B-541A5DBE4D79}.Debug|Any CPU.Build.0 = Debug|Any CPU
		{5E189F3D-2294-498C-B82B-541A5DBE4D79}.Release|Any CPU.ActiveCfg = Release|Any CPU
		{5E189F3D-2294-498C-B82B-541A5DBE4D79}.Release|Any CPU.Build.0 = Release|Any CPU
	EndGlobalSection
	GlobalSection(SolutionProperties) = preSolution
		HideSolutionNode = FALSE
	EndGlobalSection
	GlobalSection(ExtensibilityGlobals) = postSolution
		SolutionGuid = {F1C3D954-DDE5-4C34-BF01-03C40B1A616D}
	EndGlobalSection
EndGlobal
